// !$*UTF8*$!
{
	archiveVersion = 1;
	classes = {
	};
	objectVersion = 50;
	objects = {

/* Begin PBXBuildFile section */
		F6ABE2062130FB7A00DE3E34 /* AppDelegate.m in Sources */ = {isa = PBXBuildFile; fileRef = F6ABE2052130FB7A00DE3E34 /* AppDelegate.m */; };
		F6ABE2092130FB7A00DE3E34 /* ViewController.m in Sources */ = {isa = PBXBuildFile; fileRef = F6ABE2082130FB7A00DE3E34 /* ViewController.m */; };
		F6ABE20C2130FB7A00DE3E34 /* Main.storyboard in Resources */ = {isa = PBXBuildFile; fileRef = F6ABE20A2130FB7A00DE3E34 /* Main.storyboard */; };
		F6ABE20E2130FB9100DE3E34 /* Assets.xcassets in Resources */ = {isa = PBXBuildFile; fileRef = F6ABE20D2130FB9100DE3E34 /* Assets.xcassets */; };
		F6ABE2112130FB9100DE3E34 /* LaunchScreen.storyboard in Resources */ = {isa = PBXBuildFile; fileRef = F6ABE20F2130FB9100DE3E34 /* LaunchScreen.storyboard */; };
		F6ABE2142130FB9100DE3E34 /* main.m in Sources */ = {isa = PBXBuildFile; fileRef = F6ABE2132130FB9100DE3E34 /* main.m */; };
/* End PBXBuildFile section */

/* Begin PBXFileReference section */
		F6ABE2012130FB7A00DE3E34 /* AppWebRTC.app */ = {isa = PBXFileReference; explicitFileType = wrapper.application; includeInIndex = 0; path = AppWebRTC.app; sourceTree = BUILT_PRODUCTS_DIR; };
		F6ABE2042130FB7A00DE3E34 /* AppDelegate.h */ = {isa = PBXFileReference; lastKnownFileType = sourcecode.c.h; path = AppDelegate.h; sourceTree = "<group>"; };
		F6ABE2052130FB7A00DE3E34 /* AppDelegate.m */ = {isa = PBXFileReference; lastKnownFileType = sourcecode.c.objc; path = AppDelegate.m; sourceTree = "<group>"; };
		F6ABE2072130FB7A00DE3E34 /* ViewController.h */ = {isa = PBXFileReference; lastKnownFileType = sourcecode.c.h; path = ViewController.h; sourceTree = "<group>"; };
		F6ABE2082130FB7A00DE3E34 /* ViewController.m */ = {isa = PBXFileReference; lastKnownFileType = sourcecode.c.objc; path = ViewController.m; sourceTree = "<group>"; };
		F6ABE20B2130FB7A00DE3E34 /* Base */ = {isa = PBXFileReference; lastKnownFileType = file.storyboard; name = Base; path = Base.lproj/Main.storyboard; sourceTree = "<group>"; };
		F6ABE20D2130FB9100DE3E34 /* Assets.xcassets */ = {isa = PBXFileReference; lastKnownFileType = folder.assetcatalog; path = Assets.xcassets; sourceTree = "<group>"; };
		F6ABE2102130FB9100DE3E34 /* Base */ = {isa = PBXFileReference; lastKnownFileType = file.storyboard; name = Base; path = Base.lproj/LaunchScreen.storyboard; sourceTree = "<group>"; };
		F6ABE2122130FB9100DE3E34 /* Info.plist */ = {isa = PBXFileReference; lastKnownFileType = text.plist.xml; path = Info.plist; sourceTree = "<group>"; };
		F6ABE2132130FB9100DE3E34 /* main.m */ = {isa = PBXFileReference; lastKnownFileType = sourcecode.c.objc; path = main.m; sourceTree = "<group>"; };
/* End PBXFileReference section */

/* Begin PBXFrameworksBuildPhase section */
		F6ABE1FE2130FB7A00DE3E34 /* Frameworks */ = {
			isa = PBXFrameworksBuildPhase;
			buildActionMask = 2147483647;
			files = (
			);
			runOnlyForDeploymentPostprocessing = 0;
		};
/* End PBXFrameworksBuildPhase section */

/* Begin PBXGroup section */
		F6ABE1F82130FB7A00DE3E34 = {
			isa = PBXGroup;
			children = (
				F6ABE2032130FB7A00DE3E34 /* AppWebRTC */,
				F6ABE2022130FB7A00DE3E34 /* Products */,
			);
			sourceTree = "<group>";
		};
		F6ABE2022130FB7A00DE3E34 /* Products */ = {
			isa = PBXGroup;
			children = (
				F6ABE2012130FB7A00DE3E34 /* AppWebRTC.app */,
			);
			name = Products;
			sourceTree = "<group>";
		};
		F6ABE2032130FB7A00DE3E34 /* AppWebRTC */ = {
			isa = PBXGroup;
			children = (
				F6ABE2042130FB7A00DE3E34 /* AppDelegate.h */,
				F6ABE2052130FB7A00DE3E34 /* AppDelegate.m */,
				F6ABE2072130FB7A00DE3E34 /* ViewController.h */,
				F6ABE2082130FB7A00DE3E34 /* ViewController.m */,
				F6ABE20A2130FB7A00DE3E34 /* Main.storyboard */,
				F6ABE20D2130FB9100DE3E34 /* Assets.xcassets */,
				F6ABE20F2130FB9100DE3E34 /* LaunchScreen.storyboard */,
				F6ABE2122130FB9100DE3E34 /* Info.plist */,
				F6ABE2132130FB9100DE3E34 /* main.m */,
			);
			path = AppWebRTC;
			sourceTree = "<group>";
		};
/* End PBXGroup section */

/* Begin PBXNativeTarget section */
		F6ABE2002130FB7A00DE3E34 /* AppWebRTC */ = {
			isa = PBXNativeTarget;
			buildConfigurationList = F6ABE2172130FB9100DE3E34 /* Build configuration list for PBXNativeTarget "AppWebRTC" */;
			buildPhases = (
				F6ABE1FD2130FB7A00DE3E34 /* Sources */,
				F6ABE1FE2130FB7A00DE3E34 /* Frameworks */,
				F6ABE1FF2130FB7A00DE3E34 /* Resources */,
			);
			buildRules = (
			);
			dependencies = (
			);
			name = AppWebRTC;
			productName = AppWebRTC;
			productReference = F6ABE2012130FB7A00DE3E34 /* AppWebRTC.app */;
			productType = "com.apple.product-type.application";
		};
/* End PBXNativeTarget section */

/* Begin PBXProject section */
		F6ABE1F92130FB7A00DE3E34 /* Project object */ = {
			isa = PBXProject;
			attributes = {
				LastUpgradeCheck = 0940;
				ORGANIZATIONNAME = MOCHA;
				TargetAttributes = {
					F6ABE2002130FB7A00DE3E34 = {
						CreatedOnToolsVersion = 9.4.1;
					};
				};
			};
			buildConfigurationList = F6ABE1FC2130FB7A00DE3E34 /* Build configuration list for PBXProject "AppWebRTC" */;
			compatibilityVersion = "Xcode 9.3";
			developmentRegion = en;
			hasScannedForEncodings = 0;
			knownRegions = (
				en,
				Base,
			);
			mainGroup = F6ABE1F82130FB7A00DE3E34;
			productRefGroup = F6ABE2022130FB7A00DE3E34 /* Products */;
			projectDirPath = "";
			projectRoot = "";
			targets = (
				F6ABE2002130FB7A00DE3E34 /* AppWebRTC */,
			);
		};
/* End PBXProject section */

/* Begin PBXResourcesBuildPhase section */
		F6ABE1FF2130FB7A00DE3E34 /* Resources */ = {
			isa = PBXResourcesBuildPhase;
			buildActionMask = 2147483647;
			files = (
				F6ABE2112130FB9100DE3E34 /* LaunchScreen.storyboard in Resources */,
				F6ABE20E2130FB9100DE3E34 /* Assets.xcassets in Resources */,
				F6ABE20C2130FB7A00DE3E34 /* Main.storyboard in Resources */,
			);
			runOnlyForDeploymentPostprocessing = 0;
		};
/* End PBXResourcesBuildPhase section */

/* Begin PBXSourcesBuildPhase section */
		F6ABE1FD2130FB7A00DE3E34 /* Sources */ = {
			isa = PBXSourcesBuildPhase;
			buildActionMask = 2147483647;
			files = (
				F6ABE2092130FB7A00DE3E34 /* ViewController.m in Sources */,
				F6ABE2142130FB9100DE3E34 /* main.m in Sources */,
				F6ABE2062130FB7A00DE3E34 /* AppDelegate.m in Sources */,
			);
			runOnlyForDeploymentPostprocessing = 0;
		};
/* End PBXSourcesBuildPhase section */

/* Begin PBXVariantGroup section */
		F6ABE20A2130FB7A00DE3E34 /* Main.storyboard */ = {
			isa = PBXVariantGroup;
			children = (
				F6ABE20B2130FB7A00DE3E34 /* Base */,
			);
			name = Main.storyboard;
			sourceTree = "<group>";
		};
		F6ABE20F2130FB9100DE3E34 /* LaunchScreen.storyboard */ = {
			isa = PBXVariantGroup;
			children = (
				F6ABE2102130FB9100DE3E34 /* Base */,
			);
			name = LaunchScreen.storyboard;
			sourceTree = "<group>";
		};
/* End PBXVariantGroup section */

/* Begin XCBuildConfiguration section */
		F6ABE2152130FB9100DE3E34 /* Debug */ = {
			isa = XCBuildConfiguration;
			buildSettings = {
				ALWAYS_SEARCH_USER_PATHS = NO;
				CLANG_ANALYZER_NONNULL = YES;
				CLANG_ANALYZER_NUMBER_OBJECT_CONVERSION = YES_AGGRESSIVE;
				CLANG_CXX_LANGUAGE_STANDARD = "gnu++14";
				CLANG_CXX_LIBRARY = "libc++";
				CLANG_ENABLE_MODULES = YES;
				CLANG_ENABLE_OBJC_ARC = YES;
				CLANG_ENABLE_OBJC_WEAK = YES;
				CLANG_WARN_BLOCK_CAPTURE_AUTORELEASING = YES;
				CLANG_WARN_BOOL_CONVERSION = YES;
				CLANG_WARN_COMMA = YES;
				CLANG_WARN_CONSTANT_CONVERSION = YES;
				CLANG_WARN_DEPRECATED_OBJC_IMPLEMENTATIONS = YES;
				CLANG_WARN_DIRECT_OBJC_ISA_USAGE = YES_ERROR;
				CLANG_WARN_DOCUMENTATION_COMMENTS = YES;
				CLANG_WARN_EMPTY_BODY = YES;
				CLANG_WARN_ENUM_CONVERSION = YES;
				CLANG_WARN_INFINITE_RECURSION = YES;
				CLANG_WARN_INT_CONVERSION = YES;
				CLANG_WARN_NON_LITERAL_NULL_CONVERSION = YES;
				CLANG_WARN_OBJC_IMPLICIT_RETAIN_SELF = YES;
				CLANG_WARN_OBJC_LITERAL_CONVERSION = YES;
				CLANG_WARN_OBJC_ROOT_CLASS = YES_ERROR;
				CLANG_WARN_RANGE_LOOP_ANALYSIS = YES;
				CLANG_WARN_STRICT_PROTOTYPES = YES;
				CLANG_WARN_SUSPICIOUS_MOVE = YES;
				CLANG_WARN_UNGUARDED_AVAILABILITY = YES_AGGRESSIVE;
				CLANG_WARN_UNREACHABLE_CODE = YES;
				CLANG_WARN__DUPLICATE_METHOD_MATCH = YES;
				CODE_SIGN_IDENTITY = "iPhone Developer";
				COPY_PHASE_STRIP = NO;
				DEBUG_INFORMATION_FORMAT = dwarf;
				ENABLE_STRICT_OBJC_MSGSEND = YES;
				ENABLE_TESTABILITY = YES;
				GCC_C_LANGUAGE_STANDARD = gnu11;
				GCC_DYNAMIC_NO_PIC = NO;
				GCC_NO_COMMON_BLOCKS = YES;
				GCC_OPTIMIZATION_LEVEL = 0;
				GCC_PREPROCESSOR_DEFINITIONS = (
					"DEBUG=1",
					"$(inherited)",
				);
				GCC_WARN_64_TO_32_BIT_CONVERSION = YES;
				GCC_WARN_ABOUT_RETURN_TYPE = YES_ERROR;
				GCC_WARN_UNDECLARED_SELECTOR = YES;
				GCC_WARN_UNINITIALIZED_AUTOS = YES_AGGRESSIVE;
				GCC_WARN_UNUSED_FUNCTION = YES;
				GCC_WARN_UNUSED_VARIABLE = YES;
				IPHONEOS_DEPLOYMENT_TARGET = 11.4;
				MTL_ENABLE_DEBUG_INFO = YES;
				ONLY_ACTIVE_ARCH = YES;
				SDKROOT = iphoneos;
			};
			name = Debug;
		};
		F6ABE2162130FB9100DE3E34 /* Release */ = {
			isa = XCBuildConfiguration;
			buildSettings = {
				ALWAYS_SEARCH_USER_PATHS = NO;
				CLANG_ANALYZER_NONNULL = YES;
				CLANG_ANALYZER_NUMBER_OBJECT_CONVERSION = YES_AGGRESSIVE;
				CLANG_CXX_LANGUAGE_STANDARD = "gnu++14";
				CLANG_CXX_LIBRARY = "libc++";
				CLANG_ENABLE_MODULES = YES;
				CLANG_ENABLE_OBJC_ARC = YES;
				CLANG_ENABLE_OBJC_WEAK = YES;
				CLANG_WARN_BLOCK_CAPTURE_AUTORELEASING = YES;
				CLANG_WARN_BOOL_CONVERSION = YES;
				CLANG_WARN_COMMA = YES;
				CLANG_WARN_CONSTANT_CONVERSION = YES;
				CLANG_WARN_DEPRECATED_OBJC_IMPLEMENTATIONS = YES;
				CLANG_WARN_DIRECT_OBJC_ISA_USAGE = YES_ERROR;
				CLANG_WARN_DOCUMENTATION_COMMENTS = YES;
				CLANG_WARN_EMPTY_BODY = YES;
				CLANG_WARN_ENUM_CONVERSION = YES;
				CLANG_WARN_INFINITE_RECURSION = YES;
				CLANG_WARN_INT_CONVERSION = YES;
				CLANG_WARN_NON_LITERAL_NULL_CONVERSION = YES;
				CLANG_WARN_OBJC_IMPLICIT_RETAIN_SELF = YES;
				CLANG_WARN_OBJC_LITERAL_CONVERSION = YES;
				CLANG_WARN_OBJC_ROOT_CLASS = YES_ERROR;
				CLANG_WARN_RANGE_LOOP_ANALYSIS = YES;
				CLANG_WARN_STRICT_PROTOTYPES = YES;
				CLANG_WARN_SUSPICIOUS_MOVE = YES;
				CLANG_WARN_UNGUARDED_AVAILABILITY = YES_AGGRESSIVE;
				CLANG_WARN_UNREACHABLE_CODE = YES;
				CLANG_WARN__DUPLICATE_METHOD_MATCH = YES;
				CODE_SIGN_IDENTITY = "iPhone Developer";
				COPY_PHASE_STRIP = NO;
				DEBUG_INFORMATION_FORMAT = "dwarf-with-dsym";
				ENABLE_NS_ASSERTIONS = NO;
				ENABLE_STRICT_OBJC_MSGSEND = YES;
				GCC_C_LANGUAGE_STANDARD = gnu11;
				GCC_NO_COMMON_BLOCKS = YES;
				GCC_WARN_64_TO_32_BIT_CONVERSION = YES;
				GCC_WARN_ABOUT_RETURN_TYPE = YES_ERROR;
				GCC_WARN_UNDECLARED_SELECTOR = YES;
				GCC_WARN_UNINITIALIZED_AUTOS = YES_AGGRESSIVE;
				GCC_WARN_UNUSED_FUNCTION = YES;
				GCC_WARN_UNUSED_VARIABLE = YES;
				IPHONEOS_DEPLOYMENT_TARGET = 11.4;
				MTL_ENABLE_DEBUG_INFO = NO;
				SDKROOT = iphoneos;
				VALIDATE_PRODUCT = YES;
			};
			name = Release;
		};
		F6ABE2182130FB9100DE3E34 /* Debug */ = {
			isa = XCBuildConfiguration;
			buildSettings = {
				ASSETCATALOG_COMPILER_APPICON_NAME = AppIcon;
				CODE_SIGN_STYLE = Automatic;
				DEVELOPMENT_TEAM = 74GHHBCQX6;
				INFOPLIST_FILE = AppWebRTC/Info.plist;
				LD_RUNPATH_SEARCH_PATHS = (
					"$(inherited)",
					"@executable_path/Frameworks",
				);
				PRODUCT_BUNDLE_IDENTIFIER = info.nkn.demo.AppWebRTC;
				PRODUCT_NAME = "$(TARGET_NAME)";
				TARGETED_DEVICE_FAMILY = "1,2";
			};
			name = Debug;
		};
		F6ABE2192130FB9100DE3E34 /* Release */ = {
			isa = XCBuildConfiguration;
			buildSettings = {
				ASSETCATALOG_COMPILER_APPICON_NAME = AppIcon;
				CODE_SIGN_STYLE = Automatic;
				DEVELOPMENT_TEAM = 74GHHBCQX6;
				INFOPLIST_FILE = AppWebRTC/Info.plist;
				LD_RUNPATH_SEARCH_PATHS = (
					"$(inherited)",
					"@executable_path/Frameworks",
				);
				PRODUCT_BUNDLE_IDENTIFIER = info.nkn.demo.AppWebRTC;
				PRODUCT_NAME = "$(TARGET_NAME)";
				TARGETED_DEVICE_FAMILY = "1,2";
			};
			name = Release;
		};
/* End XCBuildConfiguration section */

/* Begin XCConfigurationList section */
		F6ABE1FC2130FB7A00DE3E34 /* Build configuration list for PBXProject "AppWebRTC" */ = {
			isa = XCConfigurationList;
			buildConfigurations = (
				F6ABE2152130FB9100DE3E34 /* Debug */,
				F6ABE2162130FB9100DE3E34 /* Release */,
			);
			defaultConfigurationIsVisible = 0;
			defaultConfigurationName = Release;
		};
		F6ABE2172130FB9100DE3E34 /* Build configuration list for PBXNativeTarget "AppWebRTC" */ = {
			isa = XCConfigurationList;
			buildConfigurations = (
				F6ABE2182130FB9100DE3E34 /* Debug */,
				F6ABE2192130FB9100DE3E34 /* Release */,
			);
			defaultConfigurationIsVisible = 0;
			defaultConfigurationName = Release;
		};
/* End XCConfigurationList section */
	};
	rootObject = F6ABE1F92130FB7A00DE3E34 /* Project object */;
}
